{
    "name": "backend",
    "version": "0.1.0",
    "lockfileVersion": 2,
    "requires": true,
    "packages": {
        "": {
            "name": "backend",
            "version": "0.1.0",
            "dependencies": {
                "@aws-lambda-powertools/tracer": "^0.11.1-rc.0",
                "@middy/core": "^2.5.7",
                "axios": "^0.27.2"
            }
        },
        "node_modules/@aws-lambda-powertools/commons": {
            "version": "0.11.1-rc.0",
            "resolved": "https://registry.npmjs.org/@aws-lambda-powertools/commons/-/commons-0.11.1-rc.0.tgz",
            "integrity": "sha512-KDtuF0BQ9wEeueKu4W/pOJ3ZkA56xMpeLewonxkiDXUe8xUlh3R5h29I/OzWXBxzH2gdGipPLNBk29ggdF3h9g=="
        },
        "node_modules/@aws-lambda-powertools/tracer": {
            "version": "0.11.1-rc.0",
            "resolved": "https://registry.npmjs.org/@aws-lambda-powertools/tracer/-/tracer-0.11.1-rc.0.tgz",
            "integrity": "sha512-CLI3pFdKOnp/bltNDNceU883ARr7Fkf31BLulaNv0BTp0IcJVSZYDIjqrgDmifB7/XXjaZ+DOwLH8XIaFTxD1w==",
            "dependencies": {
                "@aws-lambda-powertools/commons": "^0.11.1-rc.0",
                "aws-xray-sdk-core": "^3.3.6"
            }
        },
        "node_modules/@aws-sdk/service-error-classification": {
            "version": "3.110.0",
            "resolved": "https://registry.npmjs.org/@aws-sdk/service-error-classification/-/service-error-classification-3.110.0.tgz",
            "integrity": "sha512-ccgCE0pU/4RmXR6CP3fLAdhPAve7bK/yXBbGzpSHGAQOXqNxYzOsAvQ30Jg6X+qjLHsI/HR2pLIE65z4k6tynw==",
            "engines": {
                "node": ">= 12.0.0"
            }
        },
        "node_modules/@aws-sdk/types": {
            "version": "3.110.0",
            "resolved": "https://registry.npmjs.org/@aws-sdk/types/-/types-3.110.0.tgz",
            "integrity": "sha512-dLVoqODU3laaqNFPyN1QLtlQnwX4gNPMXptEBIt/iJpuZf66IYJe6WCzVZGt4Zfa1CnUmrlA428AzdcA/KCr2A==",
            "engines": {
                "node": ">= 12.0.0"
            }
        },
        "node_modules/@middy/core": {
            "version": "2.5.7",
            "resolved": "https://registry.npmjs.org/@middy/core/-/core-2.5.7.tgz",
            "integrity": "sha512-KX5Ud0SP+pol6PGkYtMCH4goHobs1XJo3OvEUwdiZUIjZgo56Q08nLu5N7Bs6P+FwGTQHA+hlQ3I5SZbfpO/jg==",
            "engines": {
                "node": ">=12"
            }
        },
        "node_modules/@types/cls-hooked": {
            "version": "4.3.3",
            "resolved": "https://registry.npmjs.org/@types/cls-hooked/-/cls-hooked-4.3.3.tgz",
            "integrity": "sha512-gNstDTb/ty5h6gJd6YpSPgsLX9LmRpaKJqGFp7MRlYxhwp4vXXKlJ9+bt1TZ9KbVNXE+Mbxy2AYXcpY21DDtJw==",
            "dependencies": {
                "@types/node": "*"
            }
        },
        "node_modules/@types/node": {
            "version": "18.0.0",
            "resolved": "https://registry.npmjs.org/@types/node/-/node-18.0.0.tgz",
            "integrity": "sha512-cHlGmko4gWLVI27cGJntjs/Sj8th9aYwplmZFwmmgYQQvL5NUsgVJG7OddLvNfLqYS31KFN0s3qlaD9qCaxACA=="
        },
        "node_modules/async-hook-jl": {
            "version": "1.7.6",
            "resolved": "https://registry.npmjs.org/async-hook-jl/-/async-hook-jl-1.7.6.tgz",
            "integrity": "sha512-gFaHkFfSxTjvoxDMYqDuGHlcRyUuamF8s+ZTtJdDzqjws4mCt7v0vuV79/E2Wr2/riMQgtG4/yUtXWs1gZ7JMg==",
            "dependencies": {
                "stack-chain": "^1.3.7"
            },
            "engines": {
                "node": "^4.7 || >=6.9 || >=7.3"
            }
        },
        "node_modules/asynckit": {
            "version": "0.4.0",
            "resolved": "https://registry.npmjs.org/asynckit/-/asynckit-0.4.0.tgz",
            "integrity": "sha512-Oei9OH4tRh0YqU3GxhX79dM/mwVgvbZJaSNaRk+bshkj0S5cfHcgYakreBjrHwatXKbz+IoIdYLxrKim2MjW0Q=="
        },
        "node_modules/atomic-batcher": {
            "version": "1.0.2",
            "resolved": "https://registry.npmjs.org/atomic-batcher/-/atomic-batcher-1.0.2.tgz",
            "integrity": "sha512-EFGCRj4kLX1dHv1cDzTk+xbjBFj1GnJDpui52YmEcxxHHEWjYyT6l51U7n6WQ28osZH4S9gSybxe56Vm7vB61Q=="
        },
        "node_modules/aws-xray-sdk-core": {
            "version": "3.3.6",
            "resolved": "https://registry.npmjs.org/aws-xray-sdk-core/-/aws-xray-sdk-core-3.3.6.tgz",
            "integrity": "sha512-5pJnix2mNBshzBtVsJxus3YOX2gM8+AirjyAJ0U+4ZkLRAcofNzBJUabZyHZPoVKud/YjEmcRr36bh4T3vOL2A==",
            "dependencies": {
                "@aws-sdk/service-error-classification": "^3.4.1",
                "@aws-sdk/types": "^3.4.1",
                "@types/cls-hooked": "^4.3.3",
                "atomic-batcher": "^1.0.2",
                "cls-hooked": "^4.2.2",
                "semver": "^5.3.0"
            },
            "engines": {
                "node": ">= 12.x"
            }
        },
        "node_modules/axios": {
            "version": "0.27.2",
            "resolved": "https://registry.npmjs.org/axios/-/axios-0.27.2.tgz",
            "integrity": "sha512-t+yRIyySRTp/wua5xEr+z1q60QmLq8ABsS5O9Me1AsE5dfKqgnCFzwiCZZ/cGNd1lq4/7akDWMxdhVlucjmnOQ==",
            "dependencies": {
                "follow-redirects": "^1.14.9",
                "form-data": "^4.0.0"
            }
        },
        "node_modules/cls-hooked": {
            "version": "4.2.2",
            "resolved": "https://registry.npmjs.org/cls-hooked/-/cls-hooked-4.2.2.tgz",
            "integrity": "sha512-J4Xj5f5wq/4jAvcdgoGsL3G103BtWpZrMo8NEinRltN+xpTZdI+M38pyQqhuFU/P792xkMFvnKSf+Lm81U1bxw==",
            "dependencies": {
                "async-hook-jl": "^1.7.6",
                "emitter-listener": "^1.0.1",
                "semver": "^5.4.1"
            },
            "engines": {
                "node": "^4.7 || >=6.9 || >=7.3 || >=8.2.1"
            }
        },
        "node_modules/combined-stream": {
            "version": "1.0.8",
            "resolved": "https://registry.npmjs.org/combined-stream/-/combined-stream-1.0.8.tgz",
            "integrity": "sha512-FQN4MRfuJeHf7cBbBMJFXhKSDq+2kAArBlmRBvcvFE5BB1HZKXtSFASDhdlz9zOYwxh8lDdnvmMOe/+5cdoEdg==",
            "dependencies": {
                "delayed-stream": "~1.0.0"
            },
            "engines": {
                "node": ">= 0.8"
            }
        },
        "node_modules/delayed-stream": {
            "version": "1.0.0",
            "resolved": "https://registry.npmjs.org/delayed-stream/-/delayed-stream-1.0.0.tgz",
            "integrity": "sha512-ZySD7Nf91aLB0RxL4KGrKHBXl7Eds1DAmEdcoVawXnLD7SDhpNgtuII2aAkg7a7QS41jxPSZ17p4VdGnMHk3MQ==",
            "engines": {
                "node": ">=0.4.0"
            }
        },
        "node_modules/emitter-listener": {
            "version": "1.1.2",
            "resolved": "https://registry.npmjs.org/emitter-listener/-/emitter-listener-1.1.2.tgz",
            "integrity": "sha512-Bt1sBAGFHY9DKY+4/2cV6izcKJUf5T7/gkdmkxzX/qv9CcGH8xSwVRW5mtX03SWJtRTWSOpzCuWN9rBFYZepZQ==",
            "dependencies": {
                "shimmer": "^1.2.0"
            }
        },
        "node_modules/follow-redirects": {
            "version": "1.15.1",
            "resolved": "https://registry.npmjs.org/follow-redirects/-/follow-redirects-1.15.1.tgz",
            "integrity": "sha512-yLAMQs+k0b2m7cVxpS1VKJVvoz7SS9Td1zss3XRwXj+ZDH00RJgnuLx7E44wx02kQLrdM3aOOy+FpzS7+8OizA==",
            "funding": [
                {
                    "type": "individual",
                    "url": "https://github.com/sponsors/RubenVerborgh"
                }
            ],
            "engines": {
                "node": ">=4.0"
            },
            "peerDependenciesMeta": {
                "debug": {
                    "optional": true
                }
            }
        },
        "node_modules/form-data": {
            "version": "4.0.0",
            "resolved": "https://registry.npmjs.org/form-data/-/form-data-4.0.0.tgz",
            "integrity": "sha512-ETEklSGi5t0QMZuiXoA/Q6vcnxcLQP5vdugSpuAyi6SVGi2clPPp+xgEhuMaHC+zGgn31Kd235W35f7Hykkaww==",
            "dependencies": {
                "asynckit": "^0.4.0",
                "combined-stream": "^1.0.8",
                "mime-types": "^2.1.12"
            },
            "engines": {
                "node": ">= 6"
            }
        },
        "node_modules/mime-db": {
            "version": "1.52.0",
            "resolved": "https://registry.npmjs.org/mime-db/-/mime-db-1.52.0.tgz",
            "integrity": "sha512-sPU4uV7dYlvtWJxwwxHD0PuihVNiE7TyAbQ5SWxDCB9mUYvOgroQOwYQQOKPJ8CIbE+1ETVlOoK1UC2nU3gYvg==",
            "engines": {
                "node": ">= 0.6"
            }
        },
        "node_modules/mime-types": {
            "version": "2.1.35",
            "resolved": "https://registry.npmjs.org/mime-types/-/mime-types-2.1.35.tgz",
            "integrity": "sha512-ZDY+bPm5zTTF+YpCrAU9nK0UgICYPT0QtT1NZWFv4s++TNkcgVaT0g6+4R2uI4MjQjzysHB1zxuWL50hzaeXiw==",
            "dependencies": {
                "mime-db": "1.52.0"
            },
            "engines": {
                "node": ">= 0.6"
            }
        },
        "node_modules/semver": {
            "version": "5.7.1",
            "resolved": "https://registry.npmjs.org/semver/-/semver-5.7.1.tgz",
            "integrity": "sha512-sauaDf/PZdVgrLTNYHRtpXa1iRiKcaebiKQ1BJdpQlWH2lCvexQdX55snPFyK7QzpudqbCI0qXFfOasHdyNDGQ==",
            "bin": {
                "semver": "bin/semver"
            }
        },
        "node_modules/shimmer": {
            "version": "1.2.1",
            "resolved": "https://registry.npmjs.org/shimmer/-/shimmer-1.2.1.tgz",
            "integrity": "sha512-sQTKC1Re/rM6XyFM6fIAGHRPVGvyXfgzIDvzoq608vM+jeyVD0Tu1E6Np0Kc2zAIFWIj963V2800iF/9LPieQw=="
        },
        "node_modules/stack-chain": {
            "version": "1.3.7",
            "resolved": "https://registry.npmjs.org/stack-chain/-/stack-chain-1.3.7.tgz",
            "integrity": "sha512-D8cWtWVdIe/jBA7v5p5Hwl5yOSOrmZPWDPe2KxQ5UAGD+nxbxU0lKXA4h85Ta6+qgdKVL3vUxsbIZjc1kBG7ug=="
        }
    },
    "dependencies": {
        "@aws-lambda-powertools/commons": {
            "version": "0.11.1-rc.0",
            "resolved": "https://registry.npmjs.org/@aws-lambda-powertools/commons/-/commons-0.11.1-rc.0.tgz",
            "integrity": "sha512-KDtuF0BQ9wEeueKu4W/pOJ3ZkA56xMpeLewonxkiDXUe8xUlh3R5h29I/OzWXBxzH2gdGipPLNBk29ggdF3h9g=="
        },
        "@aws-lambda-powertools/tracer": {
            "version": "0.11.1-rc.0",
            "resolved": "https://registry.npmjs.org/@aws-lambda-powertools/tracer/-/tracer-0.11.1-rc.0.tgz",
            "integrity": "sha512-CLI3pFdKOnp/bltNDNceU883ARr7Fkf31BLulaNv0BTp0IcJVSZYDIjqrgDmifB7/XXjaZ+DOwLH8XIaFTxD1w==",
            "requires": {
                "@aws-lambda-powertools/commons": "^0.11.1-rc.0",
                "aws-xray-sdk-core": "^3.3.6"
            }
        },
        "@aws-sdk/service-error-classification": {
            "version": "3.110.0",
            "resolved": "https://registry.npmjs.org/@aws-sdk/service-error-classification/-/service-error-classification-3.110.0.tgz",
            "integrity": "sha512-ccgCE0pU/4RmXR6CP3fLAdhPAve7bK/yXBbGzpSHGAQOXqNxYzOsAvQ30Jg6X+qjLHsI/HR2pLIE65z4k6tynw=="
        },
        "@aws-sdk/types": {
            "version": "3.110.0",
            "resolved": "https://registry.npmjs.org/@aws-sdk/types/-/types-3.110.0.tgz",
            "integrity": "sha512-dLVoqODU3laaqNFPyN1QLtlQnwX4gNPMXptEBIt/iJpuZf66IYJe6WCzVZGt4Zfa1CnUmrlA428AzdcA/KCr2A=="
        },
        "@middy/core": {
            "version": "2.5.7",
            "resolved": "https://registry.npmjs.org/@middy/core/-/core-2.5.7.tgz",
            "integrity": "sha512-KX5Ud0SP+pol6PGkYtMCH4goHobs1XJo3OvEUwdiZUIjZgo56Q08nLu5N7Bs6P+FwGTQHA+hlQ3I5SZbfpO/jg=="
        },
        "@types/cls-hooked": {
            "version": "4.3.3",
            "resolved": "https://registry.npmjs.org/@types/cls-hooked/-/cls-hooked-4.3.3.tgz",
            "integrity": "sha512-gNstDTb/ty5h6gJd6YpSPgsLX9LmRpaKJqGFp7MRlYxhwp4vXXKlJ9+bt1TZ9KbVNXE+Mbxy2AYXcpY21DDtJw==",
            "requires": {
                "@types/node": "*"
            }
        },
        "@types/node": {
            "version": "18.0.0",
            "resolved": "https://registry.npmjs.org/@types/node/-/node-18.0.0.tgz",
            "integrity": "sha512-cHlGmko4gWLVI27cGJntjs/Sj8th9aYwplmZFwmmgYQQvL5NUsgVJG7OddLvNfLqYS31KFN0s3qlaD9qCaxACA=="
        },
        "async-hook-jl": {
            "version": "1.7.6",
            "resolved": "https://registry.npmjs.org/async-hook-jl/-/async-hook-jl-1.7.6.tgz",
            "integrity": "sha512-gFaHkFfSxTjvoxDMYqDuGHlcRyUuamF8s+ZTtJdDzqjws4mCt7v0vuV79/E2Wr2/riMQgtG4/yUtXWs1gZ7JMg==",
            "requires": {
                "stack-chain": "^1.3.7"
            }
        },
        "asynckit": {
            "version": "0.4.0",
            "resolved": "https://registry.npmjs.org/asynckit/-/asynckit-0.4.0.tgz",
            "integrity": "sha512-Oei9OH4tRh0YqU3GxhX79dM/mwVgvbZJaSNaRk+bshkj0S5cfHcgYakreBjrHwatXKbz+IoIdYLxrKim2MjW0Q=="
        },
        "atomic-batcher": {
            "version": "1.0.2",
            "resolved": "https://registry.npmjs.org/atomic-batcher/-/atomic-batcher-1.0.2.tgz",
            "integrity": "sha512-EFGCRj4kLX1dHv1cDzTk+xbjBFj1GnJDpui52YmEcxxHHEWjYyT6l51U7n6WQ28osZH4S9gSybxe56Vm7vB61Q=="
        },
        "aws-xray-sdk-core": {
            "version": "3.3.6",
            "resolved": "https://registry.npmjs.org/aws-xray-sdk-core/-/aws-xray-sdk-core-3.3.6.tgz",
            "integrity": "sha512-5pJnix2mNBshzBtVsJxus3YOX2gM8+AirjyAJ0U+4ZkLRAcofNzBJUabZyHZPoVKud/YjEmcRr36bh4T3vOL2A==",
            "requires": {
                "@aws-sdk/service-error-classification": "^3.4.1",
                "@aws-sdk/types": "^3.4.1",
                "@types/cls-hooked": "^4.3.3",
                "atomic-batcher": "^1.0.2",
                "cls-hooked": "^4.2.2",
                "semver": "^5.3.0"
            }
        },
        "axios": {
            "version": "0.27.2",
            "resolved": "https://registry.npmjs.org/axios/-/axios-0.27.2.tgz",
            "integrity": "sha512-t+yRIyySRTp/wua5xEr+z1q60QmLq8ABsS5O9Me1AsE5dfKqgnCFzwiCZZ/cGNd1lq4/7akDWMxdhVlucjmnOQ==",
            "requires": {
                "follow-redirects": "^1.14.9",
                "form-data": "^4.0.0"
            }
        },
        "cls-hooked": {
            "version": "4.2.2",
            "resolved": "https://registry.npmjs.org/cls-hooked/-/cls-hooked-4.2.2.tgz",
            "integrity": "sha512-J4Xj5f5wq/4jAvcdgoGsL3G103BtWpZrMo8NEinRltN+xpTZdI+M38pyQqhuFU/P792xkMFvnKSf+Lm81U1bxw==",
            "requires": {
                "async-hook-jl": "^1.7.6",
                "emitter-listener": "^1.0.1",
                "semver": "^5.4.1"
            }
        },
        "combined-stream": {
            "version": "1.0.8",
            "resolved": "https://registry.npmjs.org/combined-stream/-/combined-stream-1.0.8.tgz",
            "integrity": "sha512-FQN4MRfuJeHf7cBbBMJFXhKSDq+2kAArBlmRBvcvFE5BB1HZKXtSFASDhdlz9zOYwxh8lDdnvmMOe/+5cdoEdg==",
            "requires": {
                "delayed-stream": "~1.0.0"
            }
        },
        "delayed-stream": {
            "version": "1.0.0",
            "resolved": "https://registry.npmjs.org/delayed-stream/-/delayed-stream-1.0.0.tgz",
            "integrity": "sha512-ZySD7Nf91aLB0RxL4KGrKHBXl7Eds1DAmEdcoVawXnLD7SDhpNgtuII2aAkg7a7QS41jxPSZ17p4VdGnMHk3MQ=="
        },
        "emitter-listener": {
            "version": "1.1.2",
            "resolved": "https://registry.npmjs.org/emitter-listener/-/emitter-listener-1.1.2.tgz",
            "integrity": "sha512-Bt1sBAGFHY9DKY+4/2cV6izcKJUf5T7/gkdmkxzX/qv9CcGH8xSwVRW5mtX03SWJtRTWSOpzCuWN9rBFYZepZQ==",
            "requires": {
                "shimmer": "^1.2.0"
            }
        },
        "follow-redirects": {
            "version": "1.15.1",
            "resolved": "https://registry.npmjs.org/follow-redirects/-/follow-redirects-1.15.1.tgz",
            "integrity": "sha512-yLAMQs+k0b2m7cVxpS1VKJVvoz7SS9Td1zss3XRwXj+ZDH00RJgnuLx7E44wx02kQLrdM3aOOy+FpzS7+8OizA=="
        },
        "form-data": {
            "version": "4.0.0",
            "resolved": "https://registry.npmjs.org/form-data/-/form-data-4.0.0.tgz",
            "integrity": "sha512-ETEklSGi5t0QMZuiXoA/Q6vcnxcLQP5vdugSpuAyi6SVGi2clPPp+xgEhuMaHC+zGgn31Kd235W35f7Hykkaww==",
            "requires": {
                "asynckit": "^0.4.0",
                "combined-stream": "^1.0.8",
                "mime-types": "^2.1.12"
            }
        },
        "mime-db": {
            "version": "1.52.0",
            "resolved": "https://registry.npmjs.org/mime-db/-/mime-db-1.52.0.tgz",
            "integrity": "sha512-sPU4uV7dYlvtWJxwwxHD0PuihVNiE7TyAbQ5SWxDCB9mUYvOgroQOwYQQOKPJ8CIbE+1ETVlOoK1UC2nU3gYvg=="
        },
        "mime-types": {
            "version": "2.1.35",
            "resolved": "https://registry.npmjs.org/mime-types/-/mime-types-2.1.35.tgz",
            "integrity": "sha512-ZDY+bPm5zTTF+YpCrAU9nK0UgICYPT0QtT1NZWFv4s++TNkcgVaT0g6+4R2uI4MjQjzysHB1zxuWL50hzaeXiw==",
            "requires": {
                "mime-db": "1.52.0"
            }
        },
        "semver": {
            "version": "5.7.1",
            "resolved": "https://registry.npmjs.org/semver/-/semver-5.7.1.tgz",
            "integrity": "sha512-sauaDf/PZdVgrLTNYHRtpXa1iRiKcaebiKQ1BJdpQlWH2lCvexQdX55snPFyK7QzpudqbCI0qXFfOasHdyNDGQ=="
        },
        "shimmer": {
            "version": "1.2.1",
            "resolved": "https://registry.npmjs.org/shimmer/-/shimmer-1.2.1.tgz",
            "integrity": "sha512-sQTKC1Re/rM6XyFM6fIAGHRPVGvyXfgzIDvzoq608vM+jeyVD0Tu1E6Np0Kc2zAIFWIj963V2800iF/9LPieQw=="
        },
        "stack-chain": {
            "version": "1.3.7",
            "resolved": "https://registry.npmjs.org/stack-chain/-/stack-chain-1.3.7.tgz",
            "integrity": "sha512-D8cWtWVdIe/jBA7v5p5Hwl5yOSOrmZPWDPe2KxQ5UAGD+nxbxU0lKXA4h85Ta6+qgdKVL3vUxsbIZjc1kBG7ug=="
        }
    }
}
